
Microsoft Visual Studio Solution File, Format Version 12.00
# Visual Studio Version 16
VisualStudioVersion = 16.0.29306.81
MinimumVisualStudioVersion = 10.0.40219.1
Project("{FAE04EC0-301F-11D3-BF4B-00C04F79EFBC}") = "Homework8", "Homework8.csproj", "{BD309C96-8382-4554-9F88-981B1BD118A8}"
EndProject
Global
	GlobalSection(SolutionConfigurationPlatforms) = preSolution
		Debug|Any CPU = Debug|Any CPU
		Release|Any CPU = Release|Any CPU
	EndGlobalSection
	GlobalSection(ProjectConfigurationPlatforms) = postSolution
		{BD309C96-8382-4554-9F88-981B1BD118A8}.Debug|Any CPU.ActiveCfg = Debug|Any CPU
		{BD309C96-8382-4554-9F88-981B1BD118A8}.Debug|Any CPU.Build.0 = Debug|Any CPU
		{BD309C96-8382-4554-9F88-981B1BD118A8}.Release|Any CPU.ActiveCfg = Release|Any CPU
		{BD309C96-8382-4554-9F88-981B1BD118A8}.Release|Any CPU.Build.0 = Release|Any CPU
	EndGlobalSection
	GlobalSection(SolutionProperties) = preSolution
		HideSolutionNode = FALSE
	EndGlobalSection
	GlobalSection(ExtensibilityGlobals) = postSolution
		SolutionGuid = {8D683BA2-B017-4C2C-99B5-4E6CB668137F}
	EndGlobalSection
EndGlobal
