
Microsoft Visual Studio Solution File, Format Version 12.00
# Visual Studio Version 16
VisualStudioVersion = 16.0.29306.81
MinimumVisualStudioVersion = 10.0.40219.1
Project("{FAE04EC0-301F-11D3-BF4B-00C04F79EFBC}") = "Homework22", "Homework22.csproj", "{4C46303A-C5DA-4C4A-9048-F873E4EB2324}"
EndProject
Global
	GlobalSection(SolutionConfigurationPlatforms) = preSolution
		Debug|Any CPU = Debug|Any CPU
		Release|Any CPU = Release|Any CPU
	EndGlobalSection
	GlobalSection(ProjectConfigurationPlatforms) = postSolution
		{4C46303A-C5DA-4C4A-9048-F873E4EB2324}.Debug|Any CPU.ActiveCfg = Debug|Any CPU
		{4C46303A-C5DA-4C4A-9048-F873E4EB2324}.Debug|Any CPU.Build.0 = Debug|Any CPU
		{4C46303A-C5DA-4C4A-9048-F873E4EB2324}.Release|Any CPU.ActiveCfg = Release|Any CPU
		{4C46303A-C5DA-4C4A-9048-F873E4EB2324}.Release|Any CPU.Build.0 = Release|Any CPU
	EndGlobalSection
	GlobalSection(SolutionProperties) = preSolution
		HideSolutionNode = FALSE
	EndGlobalSection
	GlobalSection(ExtensibilityGlobals) = postSolution
		SolutionGuid = {07288305-AE75-4AAD-BAE9-E1BFEA697CFF}
	EndGlobalSection
EndGlobal
